// !$*UTF8*$!
{
	archiveVersion = 1;
	classes = {
	};
	objectVersion = 46;
	objects = {

/* Begin PBXBuildFile section */
		30C949AC1829561000B17666 /* FacebookSDK.framework in Frameworks */ = {isa = PBXBuildFile; fileRef = 30C949AB1829561000B17666 /* FacebookSDK.framework */; };
		30C949AE1829561800B17666 /* Parse.framework in Frameworks */ = {isa = PBXBuildFile; fileRef = 30C949AD1829561800B17666 /* Parse.framework */; };
		6D10F48316DD68E000690A0F /* CoreLocation.framework in Frameworks */ = {isa = PBXBuildFile; fileRef = 6D10F48216DD68E000690A0F /* CoreLocation.framework */; };
		C425016D161BBAE400474BCD /* StoreKit.framework in Frameworks */ = {isa = PBXBuildFile; fileRef = C4250169161BBAE400474BCD /* StoreKit.framework */; };
		C4250170161BBAEE00474BCD /* libz.dylib in Frameworks */ = {isa = PBXBuildFile; fileRef = C425016F161BBAEE00474BCD /* libz.dylib */; };
		C4BB20D7161BC4FB00A7884A /* Default-568h@2x.png in Resources */ = {isa = PBXBuildFile; fileRef = C4BB20D4161BC4FB00A7884A /* Default-568h@2x.png */; };
		C4BB20D8161BC4FB00A7884A /* Default.png in Resources */ = {isa = PBXBuildFile; fileRef = C4BB20D5161BC4FB00A7884A /* Default.png */; };
		C4BB20D9161BC4FB00A7884A /* Default@2x.png in Resources */ = {isa = PBXBuildFile; fileRef = C4BB20D6161BC4FB00A7884A /* Default@2x.png */; };
		C4CF27E6161E3BAA008AB8CC /* login-button-small-pressed.png in Resources */ = {isa = PBXBuildFile; fileRef = C4CF27E2161E3BAA008AB8CC /* login-button-small-pressed.png */; };
		C4CF27E7161E3BAA008AB8CC /* login-button-small-pressed@2x.png in Resources */ = {isa = PBXBuildFile; fileRef = C4CF27E3161E3BAA008AB8CC /* login-button-small-pressed@2x.png */; };
		C4CF27E8161E3BAA008AB8CC /* login-button-small.png in Resources */ = {isa = PBXBuildFile; fileRef = C4CF27E4161E3BAA008AB8CC /* login-button-small.png */; };
		C4CF27E9161E3BAA008AB8CC /* login-button-small@2x.png in Resources */ = {isa = PBXBuildFile; fileRef = C4CF27E5161E3BAA008AB8CC /* login-button-small@2x.png */; };
		C4DDA8AD16EE8A1900B5C174 /* Icon@2x.png in Resources */ = {isa = PBXBuildFile; fileRef = C4DDA8AB16EE8A1900B5C174 /* Icon@2x.png */; };
		C4DDA8AE16EE8A1900B5C174 /* Icon.png in Resources */ = {isa = PBXBuildFile; fileRef = C4DDA8AC16EE8A1900B5C174 /* Icon.png */; };
		D4DA79EF14D3345A0055F672 /* UIKit.framework in Frameworks */ = {isa = PBXBuildFile; fileRef = D4DA79EE14D3345A0055F672 /* UIKit.framework */; };
		D4DA79F114D3345A0055F672 /* Foundation.framework in Frameworks */ = {isa = PBXBuildFile; fileRef = D4DA79F014D3345A0055F672 /* Foundation.framework */; };
		D4DA79F314D3345A0055F672 /* CoreGraphics.framework in Frameworks */ = {isa = PBXBuildFile; fileRef = D4DA79F214D3345A0055F672 /* CoreGraphics.framework */; };
		D4DA79F914D3345A0055F672 /* InfoPlist.strings in Resources */ = {isa = PBXBuildFile; fileRef = D4DA79F714D3345A0055F672 /* InfoPlist.strings */; };
		D4DA79FB14D3345A0055F672 /* main.m in Sources */ = {isa = PBXBuildFile; fileRef = D4DA79FA14D3345A0055F672 /* main.m */; };
		D4DA79FF14D3345A0055F672 /* AppDelegate.m in Sources */ = {isa = PBXBuildFile; fileRef = D4DA79FE14D3345A0055F672 /* AppDelegate.m */; };
		D4DA7A0E14D334F30055F672 /* AudioToolbox.framework in Frameworks */ = {isa = PBXBuildFile; fileRef = D4DA7A0714D334F30055F672 /* AudioToolbox.framework */; };
		D4DA7A0F14D334F30055F672 /* CFNetwork.framework in Frameworks */ = {isa = PBXBuildFile; fileRef = D4DA7A0814D334F30055F672 /* CFNetwork.framework */; };
		D4DA7A1114D334F30055F672 /* MobileCoreServices.framework in Frameworks */ = {isa = PBXBuildFile; fileRef = D4DA7A0A14D334F30055F672 /* MobileCoreServices.framework */; };
		D4DA7A1214D334F30055F672 /* QuartzCore.framework in Frameworks */ = {isa = PBXBuildFile; fileRef = D4DA7A0B14D334F30055F672 /* QuartzCore.framework */; };
		D4DA7A1314D334F30055F672 /* Security.framework in Frameworks */ = {isa = PBXBuildFile; fileRef = D4DA7A0C14D334F30055F672 /* Security.framework */; };
		D4DA7A1414D334F30055F672 /* SystemConfiguration.framework in Frameworks */ = {isa = PBXBuildFile; fileRef = D4DA7A0D14D334F30055F672 /* SystemConfiguration.framework */; };
		D4DA7A7414D393DA0055F672 /* LoginViewController.m in Sources */ = {isa = PBXBuildFile; fileRef = D4DA7A7214D393DA0055F672 /* LoginViewController.m */; };
		D4DA7A7514D393DA0055F672 /* LoginViewController.xib in Resources */ = {isa = PBXBuildFile; fileRef = D4DA7A7314D393DA0055F672 /* LoginViewController.xib */; };
		D4DA7AA814D39BCE0055F672 /* UserDetailsViewController.m in Sources */ = {isa = PBXBuildFile; fileRef = D4DA7AA614D39BCE0055F672 /* UserDetailsViewController.m */; };
		D4DA7AA914D39BCE0055F672 /* UserDetailsViewController.xib in Resources */ = {isa = PBXBuildFile; fileRef = D4DA7AA714D39BCE0055F672 /* UserDetailsViewController.xib */; };
		D4DA7AAF14D467500055F672 /* TableHeaderView.xib in Resources */ = {isa = PBXBuildFile; fileRef = D4DA7AAE14D4674F0055F672 /* TableHeaderView.xib */; };
/* End PBXBuildFile section */

/* Begin PBXFileReference section */
		30C949AB1829561000B17666 /* FacebookSDK.framework */ = {isa = PBXFileReference; lastKnownFileType = wrapper.framework; path = FacebookSDK.framework; sourceTree = "<group>"; };
		30C949AD1829561800B17666 /* Parse.framework */ = {isa = PBXFileReference; lastKnownFileType = wrapper.framework; path = Parse.framework; sourceTree = "<group>"; };
		6D10F48216DD68E000690A0F /* CoreLocation.framework */ = {isa = PBXFileReference; lastKnownFileType = wrapper.framework; name = CoreLocation.framework; path = System/Library/Frameworks/CoreLocation.framework; sourceTree = SDKROOT; };
		C4250169161BBAE400474BCD /* StoreKit.framework */ = {isa = PBXFileReference; lastKnownFileType = wrapper.framework; name = StoreKit.framework; path = System/Library/Frameworks/StoreKit.framework; sourceTree = SDKROOT; };
		C425016F161BBAEE00474BCD /* libz.dylib */ = {isa = PBXFileReference; lastKnownFileType = "compiled.mach-o.dylib"; name = libz.dylib; path = usr/lib/libz.dylib; sourceTree = SDKROOT; };
		C4BB20D4161BC4FB00A7884A /* Default-568h@2x.png */ = {isa = PBXFileReference; lastKnownFileType = image.png; path = "Default-568h@2x.png"; sourceTree = "<group>"; };
		C4BB20D5161BC4FB00A7884A /* Default.png */ = {isa = PBXFileReference; lastKnownFileType = image.png; path = Default.png; sourceTree = "<group>"; };
		C4BB20D6161BC4FB00A7884A /* Default@2x.png */ = {isa = PBXFileReference; lastKnownFileType = image.png; path = "Default@2x.png"; sourceTree = "<group>"; };
		C4CF27E2161E3BAA008AB8CC /* login-button-small-pressed.png */ = {isa = PBXFileReference; lastKnownFileType = image.png; path = "login-button-small-pressed.png"; sourceTree = "<group>"; };
		C4CF27E3161E3BAA008AB8CC /* login-button-small-pressed@2x.png */ = {isa = PBXFileReference; lastKnownFileType = image.png; path = "login-button-small-pressed@2x.png"; sourceTree = "<group>"; };
		C4CF27E4161E3BAA008AB8CC /* login-button-small.png */ = {isa = PBXFileReference; lastKnownFileType = image.png; path = "login-button-small.png"; sourceTree = "<group>"; };
		C4CF27E5161E3BAA008AB8CC /* login-button-small@2x.png */ = {isa = PBXFileReference; lastKnownFileType = image.png; path = "login-button-small@2x.png"; sourceTree = "<group>"; };
		C4DDA8AB16EE8A1900B5C174 /* Icon@2x.png */ = {isa = PBXFileReference; lastKnownFileType = image.png; path = "Icon@2x.png"; sourceTree = "<group>"; };
		C4DDA8AC16EE8A1900B5C174 /* Icon.png */ = {isa = PBXFileReference; lastKnownFileType = image.png; path = Icon.png; sourceTree = "<group>"; };
		D4DA79EA14D3345A0055F672 /* IntegratingFacebookTutorial.app */ = {isa = PBXFileReference; explicitFileType = wrapper.application; includeInIndex = 0; path = IntegratingFacebookTutorial.app; sourceTree = BUILT_PRODUCTS_DIR; };
		D4DA79EE14D3345A0055F672 /* UIKit.framework */ = {isa = PBXFileReference; lastKnownFileType = wrapper.framework; name = UIKit.framework; path = System/Library/Frameworks/UIKit.framework; sourceTree = SDKROOT; };
		D4DA79F014D3345A0055F672 /* Foundation.framework */ = {isa = PBXFileReference; lastKnownFileType = wrapper.framework; name = Foundation.framework; path = System/Library/Frameworks/Foundation.framework; sourceTree = SDKROOT; };
		D4DA79F214D3345A0055F672 /* CoreGraphics.framework */ = {isa = PBXFileReference; lastKnownFileType = wrapper.framework; name = CoreGraphics.framework; path = System/Library/Frameworks/CoreGraphics.framework; sourceTree = SDKROOT; };
		D4DA79F614D3345A0055F672 /* IntegratingFacebookTutorial-Info.plist */ = {isa = PBXFileReference; lastKnownFileType = text.plist.xml; path = "IntegratingFacebookTutorial-Info.plist"; sourceTree = "<group>"; };
		D4DA79F814D3345A0055F672 /* en */ = {isa = PBXFileReference; lastKnownFileType = text.plist.strings; name = en; path = en.lproj/InfoPlist.strings; sourceTree = "<group>"; };
		D4DA79FA14D3345A0055F672 /* main.m */ = {isa = PBXFileReference; lastKnownFileType = sourcecode.c.objc; path = main.m; sourceTree = "<group>"; };
		D4DA79FC14D3345A0055F672 /* IntegratingFacebookTutorial-Prefix.pch */ = {isa = PBXFileReference; lastKnownFileType = sourcecode.c.h; path = "IntegratingFacebookTutorial-Prefix.pch"; sourceTree = "<group>"; };
		D4DA79FD14D3345A0055F672 /* AppDelegate.h */ = {isa = PBXFileReference; lastKnownFileType = sourcecode.c.h; path = AppDelegate.h; sourceTree = "<group>"; };
		D4DA79FE14D3345A0055F672 /* AppDelegate.m */ = {isa = PBXFileReference; lastKnownFileType = sourcecode.c.objc; path = AppDelegate.m; sourceTree = "<group>"; };
		D4DA7A0714D334F30055F672 /* AudioToolbox.framework */ = {isa = PBXFileReference; lastKnownFileType = wrapper.framework; name = AudioToolbox.framework; path = System/Library/Frameworks/AudioToolbox.framework; sourceTree = SDKROOT; };
		D4DA7A0814D334F30055F672 /* CFNetwork.framework */ = {isa = PBXFileReference; lastKnownFileType = wrapper.framework; name = CFNetwork.framework; path = System/Library/Frameworks/CFNetwork.framework; sourceTree = SDKROOT; };
		D4DA7A0A14D334F30055F672 /* MobileCoreServices.framework */ = {isa = PBXFileReference; lastKnownFileType = wrapper.framework; name = MobileCoreServices.framework; path = System/Library/Frameworks/MobileCoreServices.framework; sourceTree = SDKROOT; };
		D4DA7A0B14D334F30055F672 /* QuartzCore.framework */ = {isa = PBXFileReference; lastKnownFileType = wrapper.framework; name = QuartzCore.framework; path = System/Library/Frameworks/QuartzCore.framework; sourceTree = SDKROOT; };
		D4DA7A0C14D334F30055F672 /* Security.framework */ = {isa = PBXFileReference; lastKnownFileType = wrapper.framework; name = Security.framework; path = System/Library/Frameworks/Security.framework; sourceTree = SDKROOT; };
		D4DA7A0D14D334F30055F672 /* SystemConfiguration.framework */ = {isa = PBXFileReference; lastKnownFileType = wrapper.framework; name = SystemConfiguration.framework; path = System/Library/Frameworks/SystemConfiguration.framework; sourceTree = SDKROOT; };
		D4DA7A7114D393DA0055F672 /* LoginViewController.h */ = {isa = PBXFileReference; fileEncoding = 4; lastKnownFileType = sourcecode.c.h; path = LoginViewController.h; sourceTree = "<group>"; };
		D4DA7A7214D393DA0055F672 /* LoginViewController.m */ = {isa = PBXFileReference; fileEncoding = 4; lastKnownFileType = sourcecode.c.objc; path = LoginViewController.m; sourceTree = "<group>"; };
		D4DA7A7314D393DA0055F672 /* LoginViewController.xib */ = {isa = PBXFileReference; fileEncoding = 4; lastKnownFileType = file.xib; path = LoginViewController.xib; sourceTree = "<group>"; };
		D4DA7AA514D39BCE0055F672 /* UserDetailsViewController.h */ = {isa = PBXFileReference; fileEncoding = 4; lastKnownFileType = sourcecode.c.h; path = UserDetailsViewController.h; sourceTree = "<group>"; };
		D4DA7AA614D39BCE0055F672 /* UserDetailsViewController.m */ = {isa = PBXFileReference; fileEncoding = 4; lastKnownFileType = sourcecode.c.objc; path = UserDetailsViewController.m; sourceTree = "<group>"; };
		D4DA7AA714D39BCE0055F672 /* UserDetailsViewController.xib */ = {isa = PBXFileReference; fileEncoding = 4; lastKnownFileType = file.xib; path = UserDetailsViewController.xib; sourceTree = "<group>"; };
		D4DA7AAE14D4674F0055F672 /* TableHeaderView.xib */ = {isa = PBXFileReference; fileEncoding = 4; lastKnownFileType = file.xib; path = TableHeaderView.xib; sourceTree = "<group>"; };
/* End PBXFileReference section */

/* Begin PBXFrameworksBuildPhase section */
		D4DA79E714D3345A0055F672 /* Frameworks */ = {
			isa = PBXFrameworksBuildPhase;
			buildActionMask = 2147483647;
			files = (
				C425016D161BBAE400474BCD /* StoreKit.framework in Frameworks */,
				6D10F48316DD68E000690A0F /* CoreLocation.framework in Frameworks */,
				C4250170161BBAEE00474BCD /* libz.dylib in Frameworks */,
				D4DA7A0E14D334F30055F672 /* AudioToolbox.framework in Frameworks */,
				D4DA7A0F14D334F30055F672 /* CFNetwork.framework in Frameworks */,
				D4DA7A1114D334F30055F672 /* MobileCoreServices.framework in Frameworks */,
				D4DA7A1214D334F30055F672 /* QuartzCore.framework in Frameworks */,
				D4DA7A1314D334F30055F672 /* Security.framework in Frameworks */,
				30C949AC1829561000B17666 /* FacebookSDK.framework in Frameworks */,
				D4DA7A1414D334F30055F672 /* SystemConfiguration.framework in Frameworks */,
				30C949AE1829561800B17666 /* Parse.framework in Frameworks */,
				D4DA79EF14D3345A0055F672 /* UIKit.framework in Frameworks */,
				D4DA79F114D3345A0055F672 /* Foundation.framework in Frameworks */,
				D4DA79F314D3345A0055F672 /* CoreGraphics.framework in Frameworks */,
			);
			runOnlyForDeploymentPostprocessing = 0;
		};
/* End PBXFrameworksBuildPhase section */

/* Begin PBXGroup section */
		D4DA79DF14D3345A0055F672 = {
			isa = PBXGroup;
			children = (
				D4DA79F414D3345A0055F672 /* IntegratingFacebookTutorial */,
				D4DA79ED14D3345A0055F672 /* Frameworks */,
				D4DA79EB14D3345A0055F672 /* Products */,
			);
			sourceTree = "<group>";
		};
		D4DA79EB14D3345A0055F672 /* Products */ = {
			isa = PBXGroup;
			children = (
				D4DA79EA14D3345A0055F672 /* IntegratingFacebookTutorial.app */,
			);
			name = Products;
			sourceTree = "<group>";
		};
		D4DA79ED14D3345A0055F672 /* Frameworks */ = {
			isa = PBXGroup;
			children = (
				30C949AD1829561800B17666 /* Parse.framework */,
				30C949AB1829561000B17666 /* FacebookSDK.framework */,
				6D10F48216DD68E000690A0F /* CoreLocation.framework */,
				D4DA7A0714D334F30055F672 /* AudioToolbox.framework */,
				D4DA7A0814D334F30055F672 /* CFNetwork.framework */,
				D4DA79F214D3345A0055F672 /* CoreGraphics.framework */,
				D4DA79F014D3345A0055F672 /* Foundation.framework */,
				C425016F161BBAEE00474BCD /* libz.dylib */,
				D4DA7A0A14D334F30055F672 /* MobileCoreServices.framework */,
				D4DA7A0B14D334F30055F672 /* QuartzCore.framework */,
				D4DA7A0C14D334F30055F672 /* Security.framework */,
				C4250169161BBAE400474BCD /* StoreKit.framework */,
				D4DA7A0D14D334F30055F672 /* SystemConfiguration.framework */,
				D4DA79EE14D3345A0055F672 /* UIKit.framework */,
			);
			name = Frameworks;
			sourceTree = "<group>";
		};
		D4DA79F414D3345A0055F672 /* IntegratingFacebookTutorial */ = {
			isa = PBXGroup;
			children = (
				D4DA79FD14D3345A0055F672 /* AppDelegate.h */,
				D4DA79FE14D3345A0055F672 /* AppDelegate.m */,
				D4DA7A7114D393DA0055F672 /* LoginViewController.h */,
				D4DA7A7214D393DA0055F672 /* LoginViewController.m */,
				D4DA7A7314D393DA0055F672 /* LoginViewController.xib */,
				D4DA7AA514D39BCE0055F672 /* UserDetailsViewController.h */,
				D4DA7AA614D39BCE0055F672 /* UserDetailsViewController.m */,
				D4DA7AA714D39BCE0055F672 /* UserDetailsViewController.xib */,
				D4DA7AAE14D4674F0055F672 /* TableHeaderView.xib */,
				D4DA79F514D3345A0055F672 /* Supporting Files */,
			);
			path = IntegratingFacebookTutorial;
			sourceTree = "<group>";
		};
		D4DA79F514D3345A0055F672 /* Supporting Files */ = {
			isa = PBXGroup;
			children = (
				C4DDA8AB16EE8A1900B5C174 /* Icon@2x.png */,
				C4DDA8AC16EE8A1900B5C174 /* Icon.png */,
				C4CF27E2161E3BAA008AB8CC /* login-button-small-pressed.png */,
				C4CF27E3161E3BAA008AB8CC /* login-button-small-pressed@2x.png */,
				C4CF27E4161E3BAA008AB8CC /* login-button-small.png */,
				C4CF27E5161E3BAA008AB8CC /* login-button-small@2x.png */,
				C4BB20D4161BC4FB00A7884A /* Default-568h@2x.png */,
				C4BB20D5161BC4FB00A7884A /* Default.png */,
				C4BB20D6161BC4FB00A7884A /* Default@2x.png */,
				D4DA79F614D3345A0055F672 /* IntegratingFacebookTutorial-Info.plist */,
				D4DA79F714D3345A0055F672 /* InfoPlist.strings */,
				D4DA79FA14D3345A0055F672 /* main.m */,
				D4DA79FC14D3345A0055F672 /* IntegratingFacebookTutorial-Prefix.pch */,
			);
			name = "Supporting Files";
			sourceTree = "<group>";
		};
/* End PBXGroup section */

/* Begin PBXNativeTarget section */
		D4DA79E914D3345A0055F672 /* IntegratingFacebookTutorial */ = {
			isa = PBXNativeTarget;
			buildConfigurationList = D4DA7A0214D3345A0055F672 /* Build configuration list for PBXNativeTarget "IntegratingFacebookTutorial" */;
			buildPhases = (
				D4DA79E614D3345A0055F672 /* Sources */,
				D4DA79E714D3345A0055F672 /* Frameworks */,
				D4DA79E814D3345A0055F672 /* Resources */,
			);
			buildRules = (
			);
			dependencies = (
			);
			name = IntegratingFacebookTutorial;
			productName = IntegratingFacebookTutorial;
			productReference = D4DA79EA14D3345A0055F672 /* IntegratingFacebookTutorial.app */;
			productType = "com.apple.product-type.application";
		};
/* End PBXNativeTarget section */

/* Begin PBXProject section */
		D4DA79E114D3345A0055F672 /* Project object */ = {
			isa = PBXProject;
			attributes = {
				LastUpgradeCheck = 0460;
			};
			buildConfigurationList = D4DA79E414D3345A0055F672 /* Build configuration list for PBXProject "IntegratingFacebookTutorial" */;
			compatibilityVersion = "Xcode 3.2";
			developmentRegion = English;
			hasScannedForEncodings = 0;
			knownRegions = (
				en,
			);
			mainGroup = D4DA79DF14D3345A0055F672;
			productRefGroup = D4DA79EB14D3345A0055F672 /* Products */;
			projectDirPath = "";
			projectRoot = "";
			targets = (
				D4DA79E914D3345A0055F672 /* IntegratingFacebookTutorial */,
			);
		};
/* End PBXProject section */

/* Begin PBXResourcesBuildPhase section */
		D4DA79E814D3345A0055F672 /* Resources */ = {
			isa = PBXResourcesBuildPhase;
			buildActionMask = 2147483647;
			files = (
				D4DA79F914D3345A0055F672 /* InfoPlist.strings in Resources */,
				D4DA7A7514D393DA0055F672 /* LoginViewController.xib in Resources */,
				D4DA7AA914D39BCE0055F672 /* UserDetailsViewController.xib in Resources */,
				D4DA7AAF14D467500055F672 /* TableHeaderView.xib in Resources */,
				C4BB20D7161BC4FB00A7884A /* Default-568h@2x.png in Resources */,
				C4BB20D8161BC4FB00A7884A /* Default.png in Resources */,
				C4BB20D9161BC4FB00A7884A /* Default@2x.png in Resources */,
				C4CF27E6161E3BAA008AB8CC /* login-button-small-pressed.png in Resources */,
				C4CF27E7161E3BAA008AB8CC /* login-button-small-pressed@2x.png in Resources */,
				C4CF27E8161E3BAA008AB8CC /* login-button-small.png in Resources */,
				C4CF27E9161E3BAA008AB8CC /* login-button-small@2x.png in Resources */,
				C4DDA8AD16EE8A1900B5C174 /* Icon@2x.png in Resources */,
				C4DDA8AE16EE8A1900B5C174 /* Icon.png in Resources */,
			);
			runOnlyForDeploymentPostprocessing = 0;
		};
/* End PBXResourcesBuildPhase section */

/* Begin PBXSourcesBuildPhase section */
		D4DA79E614D3345A0055F672 /* Sources */ = {
			isa = PBXSourcesBuildPhase;
			buildActionMask = 2147483647;
			files = (
				D4DA79FB14D3345A0055F672 /* main.m in Sources */,
				D4DA79FF14D3345A0055F672 /* AppDelegate.m in Sources */,
				D4DA7A7414D393DA0055F672 /* LoginViewController.m in Sources */,
				D4DA7AA814D39BCE0055F672 /* UserDetailsViewController.m in Sources */,
			);
			runOnlyForDeploymentPostprocessing = 0;
		};
/* End PBXSourcesBuildPhase section */

/* Begin PBXVariantGroup section */
		D4DA79F714D3345A0055F672 /* InfoPlist.strings */ = {
			isa = PBXVariantGroup;
			children = (
				D4DA79F814D3345A0055F672 /* en */,
			);
			name = InfoPlist.strings;
			sourceTree = "<group>";
		};
/* End PBXVariantGroup section */

/* Begin XCBuildConfiguration section */
		D4DA7A0014D3345A0055F672 /* Debug */ = {
			isa = XCBuildConfiguration;
			buildSettings = {
				ALWAYS_SEARCH_USER_PATHS = NO;
				ARCHS = "$(ARCHS_STANDARD_32_BIT)";
				CLANG_ENABLE_OBJC_ARC = YES;
				CLANG_WARN_CONSTANT_CONVERSION = YES;
				CLANG_WARN_ENUM_CONVERSION = YES;
				CLANG_WARN_INT_CONVERSION = YES;
				CLANG_WARN__DUPLICATE_METHOD_MATCH = YES;
				"CODE_SIGN_IDENTITY[sdk=iphoneos*]" = "iPhone Developer";
				COPY_PHASE_STRIP = NO;
				GCC_C_LANGUAGE_STANDARD = gnu99;
				GCC_DYNAMIC_NO_PIC = NO;
				GCC_OPTIMIZATION_LEVEL = 0;
				GCC_PREPROCESSOR_DEFINITIONS = (
					"DEBUG=1",
					"$(inherited)",
				);
				GCC_SYMBOLS_PRIVATE_EXTERN = NO;
				GCC_VERSION = com.apple.compilers.llvm.clang.1_0;
				GCC_WARN_ABOUT_MISSING_PROTOTYPES = YES;
				GCC_WARN_ABOUT_RETURN_TYPE = YES;
				GCC_WARN_UNINITIALIZED_AUTOS = YES;
				GCC_WARN_UNUSED_VARIABLE = YES;
				IPHONEOS_DEPLOYMENT_TARGET = 7.0;
				SDKROOT = iphoneos;
			};
			name = Debug;
		};
		D4DA7A0114D3345A0055F672 /* Release */ = {
			isa = XCBuildConfiguration;
			buildSettings = {
				ALWAYS_SEARCH_USER_PATHS = NO;
				ARCHS = "$(ARCHS_STANDARD_32_BIT)";
				CLANG_ENABLE_OBJC_ARC = YES;
				CLANG_WARN_CONSTANT_CONVERSION = YES;
				CLANG_WARN_ENUM_CONVERSION = YES;
				CLANG_WARN_INT_CONVERSION = YES;
				CLANG_WARN__DUPLICATE_METHOD_MATCH = YES;
				"CODE_SIGN_IDENTITY[sdk=iphoneos*]" = "iPhone Developer";
				COPY_PHASE_STRIP = YES;
				GCC_C_LANGUAGE_STANDARD = gnu99;
				GCC_VERSION = com.apple.compilers.llvm.clang.1_0;
				GCC_WARN_ABOUT_MISSING_PROTOTYPES = YES;
				GCC_WARN_ABOUT_RETURN_TYPE = YES;
				GCC_WARN_UNINITIALIZED_AUTOS = YES;
				GCC_WARN_UNUSED_VARIABLE = YES;
				IPHONEOS_DEPLOYMENT_TARGET = 7.0;
				OTHER_CFLAGS = "-DNS_BLOCK_ASSERTIONS=1";
				SDKROOT = iphoneos;
				VALIDATE_PRODUCT = YES;
			};
			name = Release;
		};
		D4DA7A0314D3345A0055F672 /* Debug */ = {
			isa = XCBuildConfiguration;
			buildSettings = {
				FRAMEWORK_SEARCH_PATHS = (
					"$(inherited)",
					"$(SRCROOT)",
				);
				GCC_PRECOMPILE_PREFIX_HEADER = YES;
				GCC_PREFIX_HEADER = "IntegratingFacebookTutorial/IntegratingFacebookTutorial-Prefix.pch";
				INFOPLIST_FILE = "IntegratingFacebookTutorial/IntegratingFacebookTutorial-Info.plist";
				OTHER_LDFLAGS = (
					"-lsqlite3.0",
					"-ObjC",
				);
				PRODUCT_NAME = "$(TARGET_NAME)";
				WRAPPER_EXTENSION = app;
			};
			name = Debug;
		};
		D4DA7A0414D3345A0055F672 /* Release */ = {
			isa = XCBuildConfiguration;
			buildSettings = {
				FRAMEWORK_SEARCH_PATHS = (
					"$(inherited)",
					"$(SRCROOT)",
				);
				GCC_PRECOMPILE_PREFIX_HEADER = YES;
				GCC_PREFIX_HEADER = "IntegratingFacebookTutorial/IntegratingFacebookTutorial-Prefix.pch";
				INFOPLIST_FILE = "IntegratingFacebookTutorial/IntegratingFacebookTutorial-Info.plist";
				OTHER_LDFLAGS = (
					"-lsqlite3.0",
					"-ObjC",
				);
				PRODUCT_NAME = "$(TARGET_NAME)";
				WRAPPER_EXTENSION = app;
			};
			name = Release;
		};
/* End XCBuildConfiguration section */

/* Begin XCConfigurationList section */
		D4DA79E414D3345A0055F672 /* Build configuration list for PBXProject "IntegratingFacebookTutorial" */ = {
			isa = XCConfigurationList;
			buildConfigurations = (
				D4DA7A0014D3345A0055F672 /* Debug */,
				D4DA7A0114D3345A0055F672 /* Release */,
			);
			defaultConfigurationIsVisible = 0;
			defaultConfigurationName = Release;
		};
		D4DA7A0214D3345A0055F672 /* Build configuration list for PBXNativeTarget "IntegratingFacebookTutorial" */ = {
			isa = XCConfigurationList;
			buildConfigurations = (
				D4DA7A0314D3345A0055F672 /* Debug */,
				D4DA7A0414D3345A0055F672 /* Release */,
			);
			defaultConfigurationIsVisible = 0;
			defaultConfigurationName = Release;
		};
/* End XCConfigurationList section */
	};
	rootObject = D4DA79E114D3345A0055F672 /* Project object */;
}
